// !$*UTF8*$!
{
	archiveVersion = 1;
	classes = {
	};
	objectVersion = 46;
	objects = {

/* Begin PBXBuildFile section */
		ECD133841E61ABC100E57010 /* AppDelegate.swift in Sources */ = {isa = PBXBuildFile; fileRef = ECD133831E61ABC100E57010 /* AppDelegate.swift */; };
		ECD133861E61ABC100E57010 /* ViewController.swift in Sources */ = {isa = PBXBuildFile; fileRef = ECD133851E61ABC100E57010 /* ViewController.swift */; };
		ECD133891E61ABC100E57010 /* Main.storyboard in Resources */ = {isa = PBXBuildFile; fileRef = ECD133871E61ABC100E57010 /* Main.storyboard */; };
		ECD1338B1E61ABC100E57010 /* Assets.xcassets in Resources */ = {isa = PBXBuildFile; fileRef = ECD1338A1E61ABC100E57010 /* Assets.xcassets */; };
		ECD1338E1E61ABC100E57010 /* LaunchScreen.storyboard in Resources */ = {isa = PBXBuildFile; fileRef = ECD1338C1E61ABC100E57010 /* LaunchScreen.storyboard */; };
/* End PBXBuildFile section */

/* Begin PBXFileReference section */
		ECD133801E61ABC100E57010 /* iOSSwiftLab4.app */ = {isa = PBXFileReference; explicitFileType = wrapper.application; includeInIndex = 0; path = iOSSwiftLab4.app; sourceTree = BUILT_PRODUCTS_DIR; };
		ECD133831E61ABC100E57010 /* AppDelegate.swift */ = {isa = PBXFileReference; lastKnownFileType = sourcecode.swift; path = AppDelegate.swift; sourceTree = "<group>"; };
		ECD133851E61ABC100E57010 /* ViewController.swift */ = {isa = PBXFileReference; lastKnownFileType = sourcecode.swift; path = ViewController.swift; sourceTree = "<group>"; };
		ECD133881E61ABC100E57010 /* Base */ = {isa = PBXFileReference; lastKnownFileType = file.storyboard; name = Base; path = Base.lproj/Main.storyboard; sourceTree = "<group>"; };
		ECD1338A1E61ABC100E57010 /* Assets.xcassets */ = {isa = PBXFileReference; lastKnownFileType = folder.assetcatalog; path = Assets.xcassets; sourceTree = "<group>"; };
		ECD1338D1E61ABC100E57010 /* Base */ = {isa = PBXFileReference; lastKnownFileType = file.storyboard; name = Base; path = Base.lproj/LaunchScreen.storyboard; sourceTree = "<group>"; };
		ECD1338F1E61ABC100E57010 /* Info.plist */ = {isa = PBXFileReference; lastKnownFileType = text.plist.xml; path = Info.plist; sourceTree = "<group>"; };
/* End PBXFileReference section */

/* Begin PBXFrameworksBuildPhase section */
		ECD1337D1E61ABC100E57010 /* Frameworks */ = {
			isa = PBXFrameworksBuildPhase;
			buildActionMask = 2147483647;
			files = (
			);
			runOnlyForDeploymentPostprocessing = 0;
		};
/* End PBXFrameworksBuildPhase section */

/* Begin PBXGroup section */
		ECD133771E61ABC100E57010 = {
			isa = PBXGroup;
			children = (
				ECD133821E61ABC100E57010 /* iOSSwiftLab4 */,
				ECD133811E61ABC100E57010 /* Products */,
			);
			sourceTree = "<group>";
		};
		ECD133811E61ABC100E57010 /* Products */ = {
			isa = PBXGroup;
			children = (
				ECD133801E61ABC100E57010 /* iOSSwiftLab4.app */,
			);
			name = Products;
			sourceTree = "<group>";
		};
		ECD133821E61ABC100E57010 /* iOSSwiftLab4 */ = {
			isa = PBXGroup;
			children = (
				ECD133831E61ABC100E57010 /* AppDelegate.swift */,
				ECD133851E61ABC100E57010 /* ViewController.swift */,
				ECD133871E61ABC100E57010 /* Main.storyboard */,
				ECD1338A1E61ABC100E57010 /* Assets.xcassets */,
				ECD1338C1E61ABC100E57010 /* LaunchScreen.storyboard */,
				ECD1338F1E61ABC100E57010 /* Info.plist */,
			);
			path = iOSSwiftLab4;
			sourceTree = "<group>";
		};
/* End PBXGroup section */

/* Begin PBXNativeTarget section */
		ECD1337F1E61ABC100E57010 /* iOSSwiftLab4 */ = {
			isa = PBXNativeTarget;
			buildConfigurationList = ECD133921E61ABC100E57010 /* Build configuration list for PBXNativeTarget "iOSSwiftLab4" */;
			buildPhases = (
				ECD1337C1E61ABC100E57010 /* Sources */,
				ECD1337D1E61ABC100E57010 /* Frameworks */,
				ECD1337E1E61ABC100E57010 /* Resources */,
			);
			buildRules = (
			);
			dependencies = (
			);
			name = iOSSwiftLab4;
			productName = iOSSwiftLab4;
			productReference = ECD133801E61ABC100E57010 /* iOSSwiftLab4.app */;
			productType = "com.apple.product-type.application";
		};
/* End PBXNativeTarget section */

/* Begin PBXProject section */
		ECD133781E61ABC100E57010 /* Project object */ = {
			isa = PBXProject;
			attributes = {
				LastSwiftUpdateCheck = 0820;
				LastUpgradeCheck = 0820;
				ORGANIZATIONNAME = Gates;
				TargetAttributes = {
					ECD1337F1E61ABC100E57010 = {
						CreatedOnToolsVersion = 8.2.1;
						ProvisioningStyle = Automatic;
					};
				};
			};
			buildConfigurationList = ECD1337B1E61ABC100E57010 /* Build configuration list for PBXProject "iOSSwiftLab4" */;
			compatibilityVersion = "Xcode 3.2";
			developmentRegion = English;
			hasScannedForEncodings = 0;
			knownRegions = (
				en,
				Base,
			);
			mainGroup = ECD133771E61ABC100E57010;
			productRefGroup = ECD133811E61ABC100E57010 /* Products */;
			projectDirPath = "";
			projectRoot = "";
			targets = (
				ECD1337F1E61ABC100E57010 /* iOSSwiftLab4 */,
			);
		};
/* End PBXProject section */

/* Begin PBXResourcesBuildPhase section */
		ECD1337E1E61ABC100E57010 /* Resources */ = {
			isa = PBXResourcesBuildPhase;
			buildActionMask = 2147483647;
			files = (
				ECD1338E1E61ABC100E57010 /* LaunchScreen.storyboard in Resources */,
				ECD1338B1E61ABC100E57010 /* Assets.xcassets in Resources */,
				ECD133891E61ABC100E57010 /* Main.storyboard in Resources */,
			);
			runOnlyForDeploymentPostprocessing = 0;
		};
/* End PBXResourcesBuildPhase section */

/* Begin PBXSourcesBuildPhase section */
		ECD1337C1E61ABC100E57010 /* Sources */ = {
			isa = PBXSourcesBuildPhase;
			buildActionMask = 2147483647;
			files = (
				ECD133861E61ABC100E57010 /* ViewController.swift in Sources */,
				ECD133841E61ABC100E57010 /* AppDelegate.swift in Sources */,
			);
			runOnlyForDeploymentPostprocessing = 0;
		};
/* End PBXSourcesBuildPhase section */

/* Begin PBXVariantGroup section */
		ECD133871E61ABC100E57010 /* Main.storyboard */ = {
			isa = PBXVariantGroup;
			children = (
				ECD133881E61ABC100E57010 /* Base */,
			);
			name = Main.storyboard;
			sourceTree = "<group>";
		};
		ECD1338C1E61ABC100E57010 /* LaunchScreen.storyboard */ = {
			isa = PBXVariantGroup;
			children = (
				ECD1338D1E61ABC100E57010 /* Base */,
			);
			name = LaunchScreen.storyboard;
			sourceTree = "<group>";
		};
/* End PBXVariantGroup section */

/* Begin XCBuildConfiguration section */
		ECD133901E61ABC100E57010 /* Debug */ = {
			isa = XCBuildConfiguration;
			buildSettings = {
				ALWAYS_SEARCH_USER_PATHS = NO;
				CLANG_ANALYZER_NONNULL = YES;
				CLANG_CXX_LANGUAGE_STANDARD = "gnu++0x";
				CLANG_CXX_LIBRARY = "libc++";
				CLANG_ENABLE_MODULES = YES;
				CLANG_ENABLE_OBJC_ARC = YES;
				CLANG_WARN_BOOL_CONVERSION = YES;
				CLANG_WARN_CONSTANT_CONVERSION = YES;
				CLANG_WARN_DIRECT_OBJC_ISA_USAGE = YES_ERROR;
				CLANG_WARN_DOCUMENTATION_COMMENTS = YES;
				CLANG_WARN_EMPTY_BODY = YES;
				CLANG_WARN_ENUM_CONVERSION = YES;
				CLANG_WARN_INFINITE_RECURSION = YES;
				CLANG_WARN_INT_CONVERSION = YES;
				CLANG_WARN_OBJC_ROOT_CLASS = YES_ERROR;
				CLANG_WARN_SUSPICIOUS_MOVE = YES;
				CLANG_WARN_UNREACHABLE_CODE = YES;
				CLANG_WARN__DUPLICATE_METHOD_MATCH = YES;
				"CODE_SIGN_IDENTITY[sdk=iphoneos*]" = "iPhone Developer";
				COPY_PHASE_STRIP = NO;
				DEBUG_INFORMATION_FORMAT = dwarf;
				ENABLE_STRICT_OBJC_MSGSEND = YES;
				ENABLE_TESTABILITY = YES;
				GCC_C_LANGUAGE_STANDARD = gnu99;
				GCC_DYNAMIC_NO_PIC = NO;
				GCC_NO_COMMON_BLOCKS = YES;
				GCC_OPTIMIZATION_LEVEL = 0;
				GCC_PREPROCESSOR_DEFINITIONS = (
					"DEBUG=1",
					"$(inherited)",
				);
				GCC_WARN_64_TO_32_BIT_CONVERSION = YES;
				GCC_WARN_ABOUT_RETURN_TYPE = YES_ERROR;
				GCC_WARN_UNDECLARED_SELECTOR = YES;
				GCC_WARN_UNINITIALIZED_AUTOS = YES_AGGRESSIVE;
				GCC_WARN_UNUSED_FUNCTION = YES;
				GCC_WARN_UNUSED_VARIABLE = YES;
				IPHONEOS_DEPLOYMENT_TARGET = 10.2;
				MTL_ENABLE_DEBUG_INFO = YES;
				ONLY_ACTIVE_ARCH = YES;
				SDKROOT = iphoneos;
				SWIFT_ACTIVE_COMPILATION_CONDITIONS = DEBUG;
				SWIFT_OPTIMIZATION_LEVEL = "-Onone";
			};
			name = Debug;
		};
		ECD133911E61ABC100E57010 /* Release */ = {
			isa = XCBuildConfiguration;
			buildSettings = {
				ALWAYS_SEARCH_USER_PATHS = NO;
				CLANG_ANALYZER_NONNULL = YES;
				CLANG_CXX_LANGUAGE_STANDARD = "gnu++0x";
				CLANG_CXX_LIBRARY = "libc++";
				CLANG_ENABLE_MODULES = YES;
				CLANG_ENABLE_OBJC_ARC = YES;
				CLANG_WARN_BOOL_CONVERSION = YES;
				CLANG_WARN_CONSTANT_CONVERSION = YES;
				CLANG_WARN_DIRECT_OBJC_ISA_USAGE = YES_ERROR;
				CLANG_WARN_DOCUMENTATION_COMMENTS = YES;
				CLANG_WARN_EMPTY_BODY = YES;
				CLANG_WARN_ENUM_CONVERSION = YES;
				CLANG_WARN_INFINITE_RECURSION = YES;
				CLANG_WARN_INT_CONVERSION = YES;
				CLANG_WARN_OBJC_ROOT_CLASS = YES_ERROR;
				CLANG_WARN_SUSPICIOUS_MOVE = YES;
				CLANG_WARN_UNREACHABLE_CODE = YES;
				CLANG_WARN__DUPLICATE_METHOD_MATCH = YES;
				"CODE_SIGN_IDENTITY[sdk=iphoneos*]" = "iPhone Developer";
				COPY_PHASE_STRIP = NO;
				DEBUG_INFORMATION_FORMAT = "dwarf-with-dsym";
				ENABLE_NS_ASSERTIONS = NO;
				ENABLE_STRICT_OBJC_MSGSEND = YES;
				GCC_C_LANGUAGE_STANDARD = gnu99;
				GCC_NO_COMMON_BLOCKS = YES;
				GCC_WARN_64_TO_32_BIT_CONVERSION = YES;
				GCC_WARN_ABOUT_RETURN_TYPE = YES_ERROR;
				GCC_WARN_UNDECLARED_SELECTOR = YES;
				GCC_WARN_UNINITIALIZED_AUTOS = YES_AGGRESSIVE;
				GCC_WARN_UNUSED_FUNCTION = YES;
				GCC_WARN_UNUSED_VARIABLE = YES;
				IPHONEOS_DEPLOYMENT_TARGET = 10.2;
				MTL_ENABLE_DEBUG_INFO = NO;
				SDKROOT = iphoneos;
				SWIFT_OPTIMIZATION_LEVEL = "-Owholemodule";
				VALIDATE_PRODUCT = YES;
			};
			name = Release;
		};
		ECD133931E61ABC100E57010 /* Debug */ = {
			isa = XCBuildConfiguration;
			buildSettings = {
				ASSETCATALOG_COMPILER_APPICON_NAME = AppIcon;
				INFOPLIST_FILE = iOSSwiftLab4/Info.plist;
				LD_RUNPATH_SEARCH_PATHS = "$(inherited) @executable_path/Frameworks";
				PRODUCT_BUNDLE_IDENTIFIER = com.gatesakagi.iOSSwiftLab4;
				PRODUCT_NAME = "$(TARGET_NAME)";
				SWIFT_VERSION = 3.0;
			};
			name = Debug;
		};
		ECD133941E61ABC100E57010 /* Release */ = {
			isa = XCBuildConfiguration;
			buildSettings = {
				ASSETCATALOG_COMPILER_APPICON_NAME = AppIcon;
				INFOPLIST_FILE = iOSSwiftLab4/Info.plist;
				LD_RUNPATH_SEARCH_PATHS = "$(inherited) @executable_path/Frameworks";
				PRODUCT_BUNDLE_IDENTIFIER = com.gatesakagi.iOSSwiftLab4;
				PRODUCT_NAME = "$(TARGET_NAME)";
				SWIFT_VERSION = 3.0;
			};
			name = Release;
		};
/* End XCBuildConfiguration section */

/* Begin XCConfigurationList section */
		ECD1337B1E61ABC100E57010 /* Build configuration list for PBXProject "iOSSwiftLab4" */ = {
			isa = XCConfigurationList;
			buildConfigurations = (
				ECD133901E61ABC100E57010 /* Debug */,
				ECD133911E61ABC100E57010 /* Release */,
			);
			defaultConfigurationIsVisible = 0;
			defaultConfigurationName = Release;
		};
		ECD133921E61ABC100E57010 /* Build configuration list for PBXNativeTarget "iOSSwiftLab4" */ = {
			isa = XCConfigurationList;
			buildConfigurations = (
				ECD133931E61ABC100E57010 /* Debug */,
				ECD133941E61ABC100E57010 /* Release */,
			);
			defaultConfigurationIsVisible = 0;
		};
/* End XCConfigurationList section */
	};
	rootObject = ECD133781E61ABC100E57010 /* Project object */;
}
